
Microsoft Visual Studio Solution File, Format Version 12.00
# Visual Studio 2012
Project("{8BC9CEB8-8B4A-11D0-8D11-00A0C91BC942}") = "Load Runner 1.0", "Load Runner 1.0\Load Runner 1.0.vcxproj", "{9326CD3E-DE29-404C-82A2-363727A25D87}"
EndProject
Global
	GlobalSection(SolutionConfigurationPlatforms) = preSolution
		CD_ROM|Win32 = CD_ROM|Win32
		Debug|Win32 = Debug|Win32
		DVD-5|Win32 = DVD-5|Win32
		Release|Win32 = Release|Win32
		SingleImage|Win32 = SingleImage|Win32
	EndGlobalSection
	GlobalSection(ProjectConfigurationPlatforms) = postSolution
		{9326CD3E-DE29-404C-82A2-363727A25D87}.CD_ROM|Win32.ActiveCfg = Release|Win32
		{9326CD3E-DE29-404C-82A2-363727A25D87}.CD_ROM|Win32.Build.0 = Release|Win32
		{9326CD3E-DE29-404C-82A2-363727A25D87}.Debug|Win32.ActiveCfg = Debug|Win32
		{9326CD3E-DE29-404C-82A2-363727A25D87}.Debug|Win32.Build.0 = Debug|Win32
		{9326CD3E-DE29-404C-82A2-363727A25D87}.DVD-5|Win32.ActiveCfg = Debug|Win32
		{9326CD3E-DE29-404C-82A2-363727A25D87}.DVD-5|Win32.Build.0 = Debug|Win32
		{9326CD3E-DE29-404C-82A2-363727A25D87}.Release|Win32.ActiveCfg = Release|Win32
		{9326CD3E-DE29-404C-82A2-363727A25D87}.Release|Win32.Build.0 = Release|Win32
		{9326CD3E-DE29-404C-82A2-363727A25D87}.SingleImage|Win32.ActiveCfg = Release|Win32
		{9326CD3E-DE29-404C-82A2-363727A25D87}.SingleImage|Win32.Build.0 = Release|Win32
	EndGlobalSection
	GlobalSection(SolutionProperties) = preSolution
		HideSolutionNode = FALSE
	EndGlobalSection
EndGlobal
